// !$*UTF8*$!
{
	archiveVersion = 1;
	classes = {
	};
	objectVersion = 50;
	objects = {

/* Begin PBXBuildFile section */
		46100390263A50A90008DB27 /* platformModule.kt in Resources */ = {isa = PBXBuildFile; fileRef = 46100334263A50A80008DB27 /* platformModule.kt */; };
		46100391263A50A90008DB27 /* IosDeviceLocationService.kt in Resources */ = {isa = PBXBuildFile; fileRef = 46100336263A50A80008DB27 /* IosDeviceLocationService.kt */; };
		46100392263A50A90008DB27 /* SwiftKotlinBridge.kt in Resources */ = {isa = PBXBuildFile; fileRef = 46100337263A50A80008DB27 /* SwiftKotlinBridge.kt */; };
		46100393263A50A90008DB27 /* NativeViewModel.kt in Resources */ = {isa = PBXBuildFile; fileRef = 46100338263A50A80008DB27 /* NativeViewModel.kt */; };
		46100394263A50A90008DB27 /* CoroutineAdapters.kt in Resources */ = {isa = PBXBuildFile; fileRef = 46100339263A50A80008DB27 /* CoroutineAdapters.kt */; };
		46100395263A50A90008DB27 /* GeocodeRepository.kt in Resources */ = {isa = PBXBuildFile; fileRef = 4610033D263A50A80008DB27 /* GeocodeRepository.kt */; };
		46100396263A50A90008DB27 /* CurrentTimeRepository.kt in Resources */ = {isa = PBXBuildFile; fileRef = 4610033E263A50A80008DB27 /* CurrentTimeRepository.kt */; };
		46100397263A50A90008DB27 /* LocationRepository.kt in Resources */ = {isa = PBXBuildFile; fileRef = 4610033F263A50A80008DB27 /* LocationRepository.kt */; };
		46100398263A50A90008DB27 /* DeviceLocationService.kt in Resources */ = {isa = PBXBuildFile; fileRef = 46100340263A50A80008DB27 /* DeviceLocationService.kt */; };
		46100399263A50A90008DB27 /* UpcomingTimesRepository.kt in Resources */ = {isa = PBXBuildFile; fileRef = 46100341263A50A80008DB27 /* UpcomingTimesRepository.kt */; };
		4610039A263A50A90008DB27 /* ReminderRepository.kt in Resources */ = {isa = PBXBuildFile; fileRef = 46100342263A50A80008DB27 /* ReminderRepository.kt */; };
		4610039B263A50A90008DB27 /* AstronomicalDataRepository.kt in Resources */ = {isa = PBXBuildFile; fileRef = 46100343263A50A80008DB27 /* AstronomicalDataRepository.kt */; };
		4610039C263A50A90008DB27 /* SupervisorScope.kt in Resources */ = {isa = PBXBuildFile; fileRef = 46100345263A50A80008DB27 /* SupervisorScope.kt */; };
		4610039D263A50A90008DB27 /* TimeZoneProvider.kt in Resources */ = {isa = PBXBuildFile; fileRef = 46100347263A50A80008DB27 /* TimeZoneProvider.kt */; };
		4610039E263A50A90008DB27 /* KoinModules.kt in Resources */ = {isa = PBXBuildFile; fileRef = 46100348263A50A80008DB27 /* KoinModules.kt */; };
		4610039F263A50A90008DB27 /* HomeViewModel.kt in Resources */ = {isa = PBXBuildFile; fileRef = 4610034B263A50A80008DB27 /* HomeViewModel.kt */; };
		461003A0263A50A90008DB27 /* BaseViewModel.kt in Resources */ = {isa = PBXBuildFile; fileRef = 4610034C263A50A80008DB27 /* BaseViewModel.kt */; };
		461003A1263A50A90008DB27 /* LocationListViewModel.kt in Resources */ = {isa = PBXBuildFile; fileRef = 4610034E263A50A80008DB27 /* LocationListViewModel.kt */; };
		461003A2263A50A90008DB27 /* ReminderListViewModel.kt in Resources */ = {isa = PBXBuildFile; fileRef = 46100350263A50A80008DB27 /* ReminderListViewModel.kt */; };
		461003A3263A50A90008DB27 /* AddLocationViewModel.kt in Resources */ = {isa = PBXBuildFile; fileRef = 46100352263A50A80008DB27 /* AddLocationViewModel.kt */; };
		461003A4263A50A90008DB27 /* LocationDetailViewModel.kt in Resources */ = {isa = PBXBuildFile; fileRef = 46100354263A50A80008DB27 /* LocationDetailViewModel.kt */; };
		461003A5263A50A90008DB27 /* ReminderParameters.kt in Resources */ = {isa = PBXBuildFile; fileRef = 46100356263A50A80008DB27 /* ReminderParameters.kt */; };
		461003A6263A50A90008DB27 /* Database.kt in Resources */ = {isa = PBXBuildFile; fileRef = 46100357263A50A80008DB27 /* Database.kt */; };
		461003A7263A50A90008DB27 /* GoogleApiClient.kt in Resources */ = {isa = PBXBuildFile; fileRef = 46100359263A50A80008DB27 /* GoogleApiClient.kt */; };
		463ADD0F26655CA30056C6AA /* ObservableReminderListViewModel.swift in Sources */ = {isa = PBXBuildFile; fileRef = 463ADD0E26655CA30056C6AA /* ObservableReminderListViewModel.swift */; };
		463ADD1326655CB10056C6AA /* ReminderListView.swift in Sources */ = {isa = PBXBuildFile; fileRef = 463ADD1226655CB10056C6AA /* ReminderListView.swift */; };
		463BA3F026195720008BB17B /* Assets.xcassets in Resources */ = {isa = PBXBuildFile; fileRef = 463BA3EF26195720008BB17B /* Assets.xcassets */; };
		463BA3F326195720008BB17B /* Preview Assets.xcassets in Resources */ = {isa = PBXBuildFile; fileRef = 463BA3F226195720008BB17B /* Preview Assets.xcassets */; };
		463BA3FE26195720008BB17B /* SolunaTests.swift in Sources */ = {isa = PBXBuildFile; fileRef = 463BA3FD26195720008BB17B /* SolunaTests.swift */; };
		463BA40926195720008BB17B /* SolunaUITests.swift in Sources */ = {isa = PBXBuildFile; fileRef = 463BA40826195720008BB17B /* SolunaUITests.swift */; };
		464E3F24268EC6EF00BB2251 /* SunMoonTimesGraphic.swift in Sources */ = {isa = PBXBuildFile; fileRef = 464E3F23268EC6EF00BB2251 /* SunMoonTimesGraphic.swift */; };
		464E3F292690C80400BB2251 /* SolunaTheme.swift in Sources */ = {isa = PBXBuildFile; fileRef = 464E3F282690C80400BB2251 /* SolunaTheme.swift */; };
		466A48A026A3C09C00B345B8 /* ArcText.swift in Sources */ = {isa = PBXBuildFile; fileRef = 466A489F26A3C09C00B345B8 /* ArcText.swift */; };
		467F906A261E9EEE0029454A /* ObservableViewModel.swift in Sources */ = {isa = PBXBuildFile; fileRef = 467F9069261E9EEE0029454A /* ObservableViewModel.swift */; };
		467F906E261E9F4D0029454A /* HomeView.swift in Sources */ = {isa = PBXBuildFile; fileRef = 467F906D261E9F4D0029454A /* HomeView.swift */; };
		467F9072261E9F9D0029454A /* LocationListView.swift in Sources */ = {isa = PBXBuildFile; fileRef = 467F9071261E9F9D0029454A /* LocationListView.swift */; };
		467F9076261E9FE60029454A /* AddLocationView.swift in Sources */ = {isa = PBXBuildFile; fileRef = 467F9075261E9FE60029454A /* AddLocationView.swift */; };
		4680CABE266C630B009F41FA /* LaunchScreen.storyboard in Resources */ = {isa = PBXBuildFile; fileRef = 4680CABD266C630B009F41FA /* LaunchScreen.storyboard */; };
		4680CAC4266C69BA009F41FA /* ContentView.swift in Sources */ = {isa = PBXBuildFile; fileRef = 4680CAC3266C69BA009F41FA /* ContentView.swift */; };
		469AF5C126195981005D00C8 /* Shared.framework in Frameworks */ = {isa = PBXBuildFile; fileRef = 469AF5C026195981005D00C8 /* Shared.framework */; };
		469AF5C226195981005D00C8 /* Shared.framework in Embed Frameworks */ = {isa = PBXBuildFile; fileRef = 469AF5C026195981005D00C8 /* Shared.framework */; settings = {ATTRIBUTES = (CodeSignOnCopy, RemoveHeadersOnCopy, ); }; };
		469AF5CF261A8F3F005D00C8 /* CombineAdapters.swift in Sources */ = {isa = PBXBuildFile; fileRef = 469AF5CE261A8F3F005D00C8 /* CombineAdapters.swift */; };
		46A032782713906600403037 /* NavigationTrigger.swift in Sources */ = {isa = PBXBuildFile; fileRef = 46A032772713906600403037 /* NavigationTrigger.swift */; };
		46A0DE67271937EF00EC4638 /* BackNavigationTrigger.swift in Sources */ = {isa = PBXBuildFile; fileRef = 46A0DE66271937EF00EC4638 /* BackNavigationTrigger.swift */; };
		46B25E4726D331E800CE9D27 /* ObservableSettingsViewModel.swift in Sources */ = {isa = PBXBuildFile; fileRef = 46B25E4626D331E800CE9D27 /* ObservableSettingsViewModel.swift */; };
		46B25E4D26D331F700CE9D27 /* SettingsView.swift in Sources */ = {isa = PBXBuildFile; fileRef = 46B25E4C26D331F700CE9D27 /* SettingsView.swift */; };
		46C63434266DA7B700D3647E /* ReminderNotificationScheduler.swift in Sources */ = {isa = PBXBuildFile; fileRef = 46C63433266DA7B700D3647E /* ReminderNotificationScheduler.swift */; };
		46C63438266DA9A800D3647E /* BackgroundNotificationsScheduler.swift in Sources */ = {isa = PBXBuildFile; fileRef = 46C63437266DA9A800D3647E /* BackgroundNotificationsScheduler.swift */; };
		46C6343C266DAAD700D3647E /* NotificationManager.swift in Sources */ = {isa = PBXBuildFile; fileRef = 46C6343B266DAAD700D3647E /* NotificationManager.swift */; };
		46C7091F266C5C2B00F4D5DF /* SceneDelegate.swift in Sources */ = {isa = PBXBuildFile; fileRef = 46C7091E266C5C2B00F4D5DF /* SceneDelegate.swift */; };
		46C759FA261FF379009FFEB5 /* ObservableHomeViewModel.swift in Sources */ = {isa = PBXBuildFile; fileRef = 46C759F9261FF379009FFEB5 /* ObservableHomeViewModel.swift */; };
		46C75A00261FF8A6009FFEB5 /* ObservableLocationListViewModel.swift in Sources */ = {isa = PBXBuildFile; fileRef = 46C759FF261FF8A6009FFEB5 /* ObservableLocationListViewModel.swift */; };
		46C75A04261FF8CF009FFEB5 /* ObservableAddLocationViewModel.swift in Sources */ = {isa = PBXBuildFile; fileRef = 46C75A03261FF8CF009FFEB5 /* ObservableAddLocationViewModel.swift */; };
		46E7100B262254B3004DC8FE /* DateTimeExtensions.swift in Sources */ = {isa = PBXBuildFile; fileRef = 46E7100A262254B3004DC8FE /* DateTimeExtensions.swift */; };
		46E7101C26229F77004DC8FE /* ObservableLocationDetailViewModel.swift in Sources */ = {isa = PBXBuildFile; fileRef = 46E7101B26229F77004DC8FE /* ObservableLocationDetailViewModel.swift */; };
		46E710222622A09C004DC8FE /* LocationDetailView.swift in Sources */ = {isa = PBXBuildFile; fileRef = 46E710212622A09C004DC8FE /* LocationDetailView.swift */; };
/* End PBXBuildFile section */

/* Begin PBXContainerItemProxy section */
		463BA3FA26195720008BB17B /* PBXContainerItemProxy */ = {
			isa = PBXContainerItemProxy;
			containerPortal = 463BA3E02619571F008BB17B /* Project object */;
			proxyType = 1;
			remoteGlobalIDString = 463BA3E72619571F008BB17B;
			remoteInfo = Soluna;
		};
		463BA40526195720008BB17B /* PBXContainerItemProxy */ = {
			isa = PBXContainerItemProxy;
			containerPortal = 463BA3E02619571F008BB17B /* Project object */;
			proxyType = 1;
			remoteGlobalIDString = 463BA3E72619571F008BB17B;
			remoteInfo = Soluna;
		};
/* End PBXContainerItemProxy section */

/* Begin PBXCopyFilesBuildPhase section */
		469AF5C326195981005D00C8 /* Embed Frameworks */ = {
			isa = PBXCopyFilesBuildPhase;
			buildActionMask = 2147483647;
			dstPath = "";
			dstSubfolderSpec = 10;
			files = (
				469AF5C226195981005D00C8 /* Shared.framework in Embed Frameworks */,
			);
			name = "Embed Frameworks";
			runOnlyForDeploymentPostprocessing = 0;
		};
/* End PBXCopyFilesBuildPhase section */

/* Begin PBXFileReference section */
		46100334263A50A80008DB27 /* platformModule.kt */ = {isa = PBXFileReference; fileEncoding = 4; lastKnownFileType = text; path = platformModule.kt; sourceTree = "<group>"; };
		46100336263A50A80008DB27 /* IosDeviceLocationService.kt */ = {isa = PBXFileReference; fileEncoding = 4; lastKnownFileType = text; path = IosDeviceLocationService.kt; sourceTree = "<group>"; };
		46100337263A50A80008DB27 /* SwiftKotlinBridge.kt */ = {isa = PBXFileReference; fileEncoding = 4; lastKnownFileType = text; path = SwiftKotlinBridge.kt; sourceTree = "<group>"; };
		46100338263A50A80008DB27 /* NativeViewModel.kt */ = {isa = PBXFileReference; fileEncoding = 4; lastKnownFileType = text; path = NativeViewModel.kt; sourceTree = "<group>"; };
		46100339263A50A80008DB27 /* CoroutineAdapters.kt */ = {isa = PBXFileReference; fileEncoding = 4; lastKnownFileType = text; path = CoroutineAdapters.kt; sourceTree = "<group>"; };
		4610033D263A50A80008DB27 /* GeocodeRepository.kt */ = {isa = PBXFileReference; fileEncoding = 4; lastKnownFileType = text; path = GeocodeRepository.kt; sourceTree = "<group>"; };
		4610033E263A50A80008DB27 /* CurrentTimeRepository.kt */ = {isa = PBXFileReference; fileEncoding = 4; lastKnownFileType = text; path = CurrentTimeRepository.kt; sourceTree = "<group>"; };
		4610033F263A50A80008DB27 /* LocationRepository.kt */ = {isa = PBXFileReference; fileEncoding = 4; lastKnownFileType = text; path = LocationRepository.kt; sourceTree = "<group>"; };
		46100340263A50A80008DB27 /* DeviceLocationService.kt */ = {isa = PBXFileReference; fileEncoding = 4; lastKnownFileType = text; path = DeviceLocationService.kt; sourceTree = "<group>"; };
		46100341263A50A80008DB27 /* UpcomingTimesRepository.kt */ = {isa = PBXFileReference; fileEncoding = 4; lastKnownFileType = text; path = UpcomingTimesRepository.kt; sourceTree = "<group>"; };
		46100342263A50A80008DB27 /* ReminderRepository.kt */ = {isa = PBXFileReference; fileEncoding = 4; lastKnownFileType = text; path = ReminderRepository.kt; sourceTree = "<group>"; };
		46100343263A50A80008DB27 /* AstronomicalDataRepository.kt */ = {isa = PBXFileReference; fileEncoding = 4; lastKnownFileType = text; path = AstronomicalDataRepository.kt; sourceTree = "<group>"; };
		46100345263A50A80008DB27 /* SupervisorScope.kt */ = {isa = PBXFileReference; fileEncoding = 4; lastKnownFileType = text; path = SupervisorScope.kt; sourceTree = "<group>"; };
		46100347263A50A80008DB27 /* TimeZoneProvider.kt */ = {isa = PBXFileReference; fileEncoding = 4; lastKnownFileType = text; path = TimeZoneProvider.kt; sourceTree = "<group>"; };
		46100348263A50A80008DB27 /* KoinModules.kt */ = {isa = PBXFileReference; fileEncoding = 4; lastKnownFileType = text; path = KoinModules.kt; sourceTree = "<group>"; };
		4610034B263A50A80008DB27 /* HomeViewModel.kt */ = {isa = PBXFileReference; fileEncoding = 4; lastKnownFileType = text; path = HomeViewModel.kt; sourceTree = "<group>"; };
		4610034C263A50A80008DB27 /* BaseViewModel.kt */ = {isa = PBXFileReference; fileEncoding = 4; lastKnownFileType = text; path = BaseViewModel.kt; sourceTree = "<group>"; };
		4610034E263A50A80008DB27 /* LocationListViewModel.kt */ = {isa = PBXFileReference; fileEncoding = 4; lastKnownFileType = text; path = LocationListViewModel.kt; sourceTree = "<group>"; };
		46100350263A50A80008DB27 /* ReminderListViewModel.kt */ = {isa = PBXFileReference; fileEncoding = 4; lastKnownFileType = text; path = ReminderListViewModel.kt; sourceTree = "<group>"; };
		46100352263A50A80008DB27 /* AddLocationViewModel.kt */ = {isa = PBXFileReference; fileEncoding = 4; lastKnownFileType = text; path = AddLocationViewModel.kt; sourceTree = "<group>"; };
		46100354263A50A80008DB27 /* LocationDetailViewModel.kt */ = {isa = PBXFileReference; fileEncoding = 4; lastKnownFileType = text; path = LocationDetailViewModel.kt; sourceTree = "<group>"; };
		46100356263A50A80008DB27 /* ReminderParameters.kt */ = {isa = PBXFileReference; fileEncoding = 4; lastKnownFileType = text; path = ReminderParameters.kt; sourceTree = "<group>"; };
		46100357263A50A80008DB27 /* Database.kt */ = {isa = PBXFileReference; fileEncoding = 4; lastKnownFileType = text; path = Database.kt; sourceTree = "<group>"; };
		46100359263A50A80008DB27 /* GoogleApiClient.kt */ = {isa = PBXFileReference; fileEncoding = 4; lastKnownFileType = text; path = GoogleApiClient.kt; sourceTree = "<group>"; };
		463ADD0E26655CA30056C6AA /* ObservableReminderListViewModel.swift */ = {isa = PBXFileReference; lastKnownFileType = sourcecode.swift; path = ObservableReminderListViewModel.swift; sourceTree = "<group>"; };
		463ADD1226655CB10056C6AA /* ReminderListView.swift */ = {isa = PBXFileReference; lastKnownFileType = sourcecode.swift; path = ReminderListView.swift; sourceTree = "<group>"; };
		463BA3E82619571F008BB17B /* Soluna.app */ = {isa = PBXFileReference; explicitFileType = wrapper.application; includeInIndex = 0; path = Soluna.app; sourceTree = BUILT_PRODUCTS_DIR; };
		463BA3EF26195720008BB17B /* Assets.xcassets */ = {isa = PBXFileReference; lastKnownFileType = folder.assetcatalog; path = Assets.xcassets; sourceTree = "<group>"; };
		463BA3F226195720008BB17B /* Preview Assets.xcassets */ = {isa = PBXFileReference; lastKnownFileType = folder.assetcatalog; path = "Preview Assets.xcassets"; sourceTree = "<group>"; };
		463BA3F426195720008BB17B /* Info.plist */ = {isa = PBXFileReference; lastKnownFileType = text.plist.xml; path = Info.plist; sourceTree = "<group>"; };
		463BA3F926195720008BB17B /* SolunaTests.xctest */ = {isa = PBXFileReference; explicitFileType = wrapper.cfbundle; includeInIndex = 0; path = SolunaTests.xctest; sourceTree = BUILT_PRODUCTS_DIR; };
		463BA3FD26195720008BB17B /* SolunaTests.swift */ = {isa = PBXFileReference; lastKnownFileType = sourcecode.swift; path = SolunaTests.swift; sourceTree = "<group>"; };
		463BA3FF26195720008BB17B /* Info.plist */ = {isa = PBXFileReference; lastKnownFileType = text.plist.xml; path = Info.plist; sourceTree = "<group>"; };
		463BA40426195720008BB17B /* SolunaUITests.xctest */ = {isa = PBXFileReference; explicitFileType = wrapper.cfbundle; includeInIndex = 0; path = SolunaUITests.xctest; sourceTree = BUILT_PRODUCTS_DIR; };
		463BA40826195720008BB17B /* SolunaUITests.swift */ = {isa = PBXFileReference; lastKnownFileType = sourcecode.swift; path = SolunaUITests.swift; sourceTree = "<group>"; };
		463BA40A26195720008BB17B /* Info.plist */ = {isa = PBXFileReference; lastKnownFileType = text.plist.xml; path = Info.plist; sourceTree = "<group>"; };
		464E3F23268EC6EF00BB2251 /* SunMoonTimesGraphic.swift */ = {isa = PBXFileReference; lastKnownFileType = sourcecode.swift; path = SunMoonTimesGraphic.swift; sourceTree = "<group>"; };
		464E3F282690C80400BB2251 /* SolunaTheme.swift */ = {isa = PBXFileReference; lastKnownFileType = sourcecode.swift; path = SolunaTheme.swift; sourceTree = "<group>"; };
		466A489F26A3C09C00B345B8 /* ArcText.swift */ = {isa = PBXFileReference; lastKnownFileType = sourcecode.swift; path = ArcText.swift; sourceTree = "<group>"; };
		467F9069261E9EEE0029454A /* ObservableViewModel.swift */ = {isa = PBXFileReference; lastKnownFileType = sourcecode.swift; path = ObservableViewModel.swift; sourceTree = "<group>"; };
		467F906D261E9F4D0029454A /* HomeView.swift */ = {isa = PBXFileReference; lastKnownFileType = sourcecode.swift; path = HomeView.swift; sourceTree = "<group>"; };
		467F9071261E9F9D0029454A /* LocationListView.swift */ = {isa = PBXFileReference; lastKnownFileType = sourcecode.swift; path = LocationListView.swift; sourceTree = "<group>"; };
		467F9075261E9FE60029454A /* AddLocationView.swift */ = {isa = PBXFileReference; lastKnownFileType = sourcecode.swift; path = AddLocationView.swift; sourceTree = "<group>"; };
		4680CABD266C630B009F41FA /* LaunchScreen.storyboard */ = {isa = PBXFileReference; fileEncoding = 4; lastKnownFileType = file.storyboard; path = LaunchScreen.storyboard; sourceTree = "<group>"; };
		4680CAC3266C69BA009F41FA /* ContentView.swift */ = {isa = PBXFileReference; lastKnownFileType = sourcecode.swift; path = ContentView.swift; sourceTree = "<group>"; };
		469AF5C026195981005D00C8 /* Shared.framework */ = {isa = PBXFileReference; lastKnownFileType = wrapper.framework; name = Shared.framework; path = "../shared/build/xcode-frameworks/Shared.framework"; sourceTree = "<group>"; };
		469AF5CE261A8F3F005D00C8 /* CombineAdapters.swift */ = {isa = PBXFileReference; fileEncoding = 4; lastKnownFileType = sourcecode.swift; path = CombineAdapters.swift; sourceTree = "<group>"; };
		46A032772713906600403037 /* NavigationTrigger.swift */ = {isa = PBXFileReference; lastKnownFileType = sourcecode.swift; path = NavigationTrigger.swift; sourceTree = "<group>"; };
		46A0DE66271937EF00EC4638 /* BackNavigationTrigger.swift */ = {isa = PBXFileReference; lastKnownFileType = sourcecode.swift; path = BackNavigationTrigger.swift; sourceTree = "<group>"; };
		46B25E4626D331E800CE9D27 /* ObservableSettingsViewModel.swift */ = {isa = PBXFileReference; lastKnownFileType = sourcecode.swift; path = ObservableSettingsViewModel.swift; sourceTree = "<group>"; };
		46B25E4C26D331F700CE9D27 /* SettingsView.swift */ = {isa = PBXFileReference; lastKnownFileType = sourcecode.swift; path = SettingsView.swift; sourceTree = "<group>"; };
		46C63433266DA7B700D3647E /* ReminderNotificationScheduler.swift */ = {isa = PBXFileReference; lastKnownFileType = sourcecode.swift; path = ReminderNotificationScheduler.swift; sourceTree = "<group>"; };
		46C63437266DA9A800D3647E /* BackgroundNotificationsScheduler.swift */ = {isa = PBXFileReference; lastKnownFileType = sourcecode.swift; path = BackgroundNotificationsScheduler.swift; sourceTree = "<group>"; };
		46C6343B266DAAD700D3647E /* NotificationManager.swift */ = {isa = PBXFileReference; lastKnownFileType = sourcecode.swift; path = NotificationManager.swift; sourceTree = "<group>"; };
		46C7091E266C5C2B00F4D5DF /* SceneDelegate.swift */ = {isa = PBXFileReference; fileEncoding = 4; lastKnownFileType = sourcecode.swift; path = SceneDelegate.swift; sourceTree = "<group>"; };
		46C759F9261FF379009FFEB5 /* ObservableHomeViewModel.swift */ = {isa = PBXFileReference; lastKnownFileType = sourcecode.swift; path = ObservableHomeViewModel.swift; sourceTree = "<group>"; };
		46C759FF261FF8A6009FFEB5 /* ObservableLocationListViewModel.swift */ = {isa = PBXFileReference; lastKnownFileType = sourcecode.swift; path = ObservableLocationListViewModel.swift; sourceTree = "<group>"; };
		46C75A03261FF8CF009FFEB5 /* ObservableAddLocationViewModel.swift */ = {isa = PBXFileReference; lastKnownFileType = sourcecode.swift; path = ObservableAddLocationViewModel.swift; sourceTree = "<group>"; };
		46E7100A262254B3004DC8FE /* DateTimeExtensions.swift */ = {isa = PBXFileReference; lastKnownFileType = sourcecode.swift; path = DateTimeExtensions.swift; sourceTree = "<group>"; };
		46E7101B26229F77004DC8FE /* ObservableLocationDetailViewModel.swift */ = {isa = PBXFileReference; lastKnownFileType = sourcecode.swift; path = ObservableLocationDetailViewModel.swift; sourceTree = "<group>"; };
		46E710212622A09C004DC8FE /* LocationDetailView.swift */ = {isa = PBXFileReference; lastKnownFileType = sourcecode.swift; path = LocationDetailView.swift; sourceTree = "<group>"; };
/* End PBXFileReference section */

/* Begin PBXFrameworksBuildPhase section */
		463BA3E52619571F008BB17B /* Frameworks */ = {
			isa = PBXFrameworksBuildPhase;
			buildActionMask = 2147483647;
			files = (
				469AF5C126195981005D00C8 /* Shared.framework in Frameworks */,
			);
			runOnlyForDeploymentPostprocessing = 0;
		};
		463BA3F626195720008BB17B /* Frameworks */ = {
			isa = PBXFrameworksBuildPhase;
			buildActionMask = 2147483647;
			files = (
			);
			runOnlyForDeploymentPostprocessing = 0;
		};
		463BA40126195720008BB17B /* Frameworks */ = {
			isa = PBXFrameworksBuildPhase;
			buildActionMask = 2147483647;
			files = (
			);
			runOnlyForDeploymentPostprocessing = 0;
		};
/* End PBXFrameworksBuildPhase section */

/* Begin PBXGroup section */
		4610032D263A50A80008DB27 /* src */ = {
			isa = PBXGroup;
			children = (
				46100332263A50A80008DB27 /* iosMain */,
				4610033A263A50A80008DB27 /* commonMain */,
			);
			name = src;
			path = ../shared/src;
			sourceTree = "<group>";
		};
		46100332263A50A80008DB27 /* iosMain */ = {
			isa = PBXGroup;
			children = (
				46100333263A50A80008DB27 /* kotlin */,
			);
			path = iosMain;
			sourceTree = "<group>";
		};
		46100333263A50A80008DB27 /* kotlin */ = {
			isa = PBXGroup;
			children = (
				46100334263A50A80008DB27 /* platformModule.kt */,
				46100335263A50A80008DB27 /* repository */,
				46100337263A50A80008DB27 /* SwiftKotlinBridge.kt */,
				46100338263A50A80008DB27 /* NativeViewModel.kt */,
				46100339263A50A80008DB27 /* CoroutineAdapters.kt */,
			);
			path = kotlin;
			sourceTree = "<group>";
		};
		46100335263A50A80008DB27 /* repository */ = {
			isa = PBXGroup;
			children = (
				46100336263A50A80008DB27 /* IosDeviceLocationService.kt */,
			);
			path = repository;
			sourceTree = "<group>";
		};
		4610033A263A50A80008DB27 /* commonMain */ = {
			isa = PBXGroup;
			children = (
				4610033B263A50A80008DB27 /* kotlin */,
			);
			path = commonMain;
			sourceTree = "<group>";
		};
		4610033B263A50A80008DB27 /* kotlin */ = {
			isa = PBXGroup;
			children = (
				4610033C263A50A80008DB27 /* repository */,
				46100344263A50A80008DB27 /* util */,
				46100346263A50A80008DB27 /* provider */,
				46100348263A50A80008DB27 /* KoinModules.kt */,
				46100349263A50A80008DB27 /* screen */,
				46100355263A50A80008DB27 /* db */,
				46100358263A50A80008DB27 /* api */,
			);
			path = kotlin;
			sourceTree = "<group>";
		};
		4610033C263A50A80008DB27 /* repository */ = {
			isa = PBXGroup;
			children = (
				4610033D263A50A80008DB27 /* GeocodeRepository.kt */,
				4610033E263A50A80008DB27 /* CurrentTimeRepository.kt */,
				4610033F263A50A80008DB27 /* LocationRepository.kt */,
				46100340263A50A80008DB27 /* DeviceLocationService.kt */,
				46100341263A50A80008DB27 /* UpcomingTimesRepository.kt */,
				46100342263A50A80008DB27 /* ReminderRepository.kt */,
				46100343263A50A80008DB27 /* AstronomicalDataRepository.kt */,
			);
			path = repository;
			sourceTree = "<group>";
		};
		46100344263A50A80008DB27 /* util */ = {
			isa = PBXGroup;
			children = (
				46100345263A50A80008DB27 /* SupervisorScope.kt */,
			);
			path = util;
			sourceTree = "<group>";
		};
		46100346263A50A80008DB27 /* provider */ = {
			isa = PBXGroup;
			children = (
				46100347263A50A80008DB27 /* TimeZoneProvider.kt */,
			);
			path = provider;
			sourceTree = "<group>";
		};
		46100349263A50A80008DB27 /* screen */ = {
			isa = PBXGroup;
			children = (
				4610034A263A50A80008DB27 /* home */,
				4610034C263A50A80008DB27 /* BaseViewModel.kt */,
				4610034D263A50A80008DB27 /* locationlist */,
				4610034F263A50A80008DB27 /* reminderlist */,
				46100351263A50A80008DB27 /* addlocation */,
				46100353263A50A80008DB27 /* locationdetail */,
			);
			path = screen;
			sourceTree = "<group>";
		};
		4610034A263A50A80008DB27 /* home */ = {
			isa = PBXGroup;
			children = (
				4610034B263A50A80008DB27 /* HomeViewModel.kt */,
			);
			path = home;
			sourceTree = "<group>";
		};
		4610034D263A50A80008DB27 /* locationlist */ = {
			isa = PBXGroup;
			children = (
				4610034E263A50A80008DB27 /* LocationListViewModel.kt */,
			);
			path = locationlist;
			sourceTree = "<group>";
		};
		4610034F263A50A80008DB27 /* reminderlist */ = {
			isa = PBXGroup;
			children = (
				46100350263A50A80008DB27 /* ReminderListViewModel.kt */,
			);
			path = reminderlist;
			sourceTree = "<group>";
		};
		46100351263A50A80008DB27 /* addlocation */ = {
			isa = PBXGroup;
			children = (
				46100352263A50A80008DB27 /* AddLocationViewModel.kt */,
			);
			path = addlocation;
			sourceTree = "<group>";
		};
		46100353263A50A80008DB27 /* locationdetail */ = {
			isa = PBXGroup;
			children = (
				46100354263A50A80008DB27 /* LocationDetailViewModel.kt */,
			);
			path = locationdetail;
			sourceTree = "<group>";
		};
		46100355263A50A80008DB27 /* db */ = {
			isa = PBXGroup;
			children = (
				46100356263A50A80008DB27 /* ReminderParameters.kt */,
				46100357263A50A80008DB27 /* Database.kt */,
			);
			path = db;
			sourceTree = "<group>";
		};
		46100358263A50A80008DB27 /* api */ = {
			isa = PBXGroup;
			children = (
				46100359263A50A80008DB27 /* GoogleApiClient.kt */,
			);
			path = api;
			sourceTree = "<group>";
		};
		463ADD0D26655C6F0056C6AA /* ReminderList */ = {
			isa = PBXGroup;
			children = (
				463ADD0E26655CA30056C6AA /* ObservableReminderListViewModel.swift */,
				463ADD1226655CB10056C6AA /* ReminderListView.swift */,
			);
			path = ReminderList;
			sourceTree = "<group>";
		};
		463BA3DF2619571F008BB17B = {
			isa = PBXGroup;
			children = (
				4610032D263A50A80008DB27 /* src */,
				463BA3EA2619571F008BB17B /* Soluna */,
				463BA3FC26195720008BB17B /* SolunaTests */,
				463BA40726195720008BB17B /* SolunaUITests */,
				463BA3E92619571F008BB17B /* Products */,
				469AF5BF26195981005D00C8 /* Frameworks */,
			);
			sourceTree = "<group>";
		};
		463BA3E92619571F008BB17B /* Products */ = {
			isa = PBXGroup;
			children = (
				463BA3E82619571F008BB17B /* Soluna.app */,
				463BA3F926195720008BB17B /* SolunaTests.xctest */,
				463BA40426195720008BB17B /* SolunaUITests.xctest */,
			);
			name = Products;
			sourceTree = "<group>";
		};
		463BA3EA2619571F008BB17B /* Soluna */ = {
			isa = PBXGroup;
			children = (
				463BA3EF26195720008BB17B /* Assets.xcassets */,
				463BA3F426195720008BB17B /* Info.plist */,
				4680CABD266C630B009F41FA /* LaunchScreen.storyboard */,
				463BA3F126195720008BB17B /* Preview Content */,
				46C7091D266C2E6100F4D5DF /* Notifications */,
				464E3F272690C7C800BB2251 /* Ui */,
				46C7091E266C5C2B00F4D5DF /* SceneDelegate.swift */,
				469AF5CE261A8F3F005D00C8 /* CombineAdapters.swift */,
				46E7100A262254B3004DC8FE /* DateTimeExtensions.swift */,
			);
			path = Soluna;
			sourceTree = "<group>";
		};
		463BA3F126195720008BB17B /* Preview Content */ = {
			isa = PBXGroup;
			children = (
				463BA3F226195720008BB17B /* Preview Assets.xcassets */,
			);
			path = "Preview Content";
			sourceTree = "<group>";
		};
		463BA3FC26195720008BB17B /* SolunaTests */ = {
			isa = PBXGroup;
			children = (
				463BA3FD26195720008BB17B /* SolunaTests.swift */,
				463BA3FF26195720008BB17B /* Info.plist */,
			);
			path = SolunaTests;
			sourceTree = "<group>";
		};
		463BA40726195720008BB17B /* SolunaUITests */ = {
			isa = PBXGroup;
			children = (
				463BA40826195720008BB17B /* SolunaUITests.swift */,
				463BA40A26195720008BB17B /* Info.plist */,
			);
			path = SolunaUITests;
			sourceTree = "<group>";
		};
		464E3F272690C7C800BB2251 /* Ui */ = {
			isa = PBXGroup;
			children = (
				46C75A07261FF91E009FFEB5 /* Screen */,
				464E3F282690C80400BB2251 /* SolunaTheme.swift */,
				46A032772713906600403037 /* NavigationTrigger.swift */,
				46A0DE66271937EF00EC4638 /* BackNavigationTrigger.swift */,
				464E3F23268EC6EF00BB2251 /* SunMoonTimesGraphic.swift */,
				466A489F26A3C09C00B345B8 /* ArcText.swift */,
			);
			path = Ui;
			sourceTree = "<group>";
		};
		469AF5BF26195981005D00C8 /* Frameworks */ = {
			isa = PBXGroup;
			children = (
				469AF5C026195981005D00C8 /* Shared.framework */,
			);
			name = Frameworks;
			sourceTree = "<group>";
		};
		46B25E4526D3313200CE9D27 /* Settings */ = {
			isa = PBXGroup;
			children = (
				46B25E4626D331E800CE9D27 /* ObservableSettingsViewModel.swift */,
				46B25E4C26D331F700CE9D27 /* SettingsView.swift */,
			);
			path = Settings;
			sourceTree = "<group>";
		};
		46C7091D266C2E6100F4D5DF /* Notifications */ = {
			isa = PBXGroup;
			children = (
				46C63433266DA7B700D3647E /* ReminderNotificationScheduler.swift */,
				46C63437266DA9A800D3647E /* BackgroundNotificationsScheduler.swift */,
				46C6343B266DAAD700D3647E /* NotificationManager.swift */,
			);
			path = Notifications;
			sourceTree = "<group>";
		};
		46C75A07261FF91E009FFEB5 /* Screen */ = {
			isa = PBXGroup;
			children = (
				4680CAC3266C69BA009F41FA /* ContentView.swift */,
				467F9069261E9EEE0029454A /* ObservableViewModel.swift */,
				46C75A0A261FF93D009FFEB5 /* AddLocation */,
				46E7101A26229F4E004DC8FE /* LocationDetail */,
				46C75A09261FF934009FFEB5 /* LocationList */,
				46C75A08261FF92E009FFEB5 /* Home */,
				463ADD0D26655C6F0056C6AA /* ReminderList */,
				46B25E4526D3313200CE9D27 /* Settings */,
			);
			path = Screen;
			sourceTree = "<group>";
		};
		46C75A08261FF92E009FFEB5 /* Home */ = {
			isa = PBXGroup;
			children = (
				46C759F9261FF379009FFEB5 /* ObservableHomeViewModel.swift */,
				467F906D261E9F4D0029454A /* HomeView.swift */,
			);
			path = Home;
			sourceTree = "<group>";
		};
		46C75A09261FF934009FFEB5 /* LocationList */ = {
			isa = PBXGroup;
			children = (
				46C759FF261FF8A6009FFEB5 /* ObservableLocationListViewModel.swift */,
				467F9071261E9F9D0029454A /* LocationListView.swift */,
			);
			path = LocationList;
			sourceTree = "<group>";
		};
		46C75A0A261FF93D009FFEB5 /* AddLocation */ = {
			isa = PBXGroup;
			children = (
				46C75A03261FF8CF009FFEB5 /* ObservableAddLocationViewModel.swift */,
				467F9075261E9FE60029454A /* AddLocationView.swift */,
			);
			path = AddLocation;
			sourceTree = "<group>";
		};
		46E7101A26229F4E004DC8FE /* LocationDetail */ = {
			isa = PBXGroup;
			children = (
				46E7101B26229F77004DC8FE /* ObservableLocationDetailViewModel.swift */,
				46E710212622A09C004DC8FE /* LocationDetailView.swift */,
			);
			path = LocationDetail;
			sourceTree = "<group>";
		};
/* End PBXGroup section */

/* Begin PBXNativeTarget section */
		463BA3E72619571F008BB17B /* Soluna */ = {
			isa = PBXNativeTarget;
			buildConfigurationList = 463BA40D26195720008BB17B /* Build configuration list for PBXNativeTarget "Soluna" */;
			buildPhases = (
				469AF5B526195861005D00C8 /* ShellScript */,
				463BA3E42619571F008BB17B /* Sources */,
				463BA3E52619571F008BB17B /* Frameworks */,
				463BA3E62619571F008BB17B /* Resources */,
				469AF5C326195981005D00C8 /* Embed Frameworks */,
			);
			buildRules = (
			);
			dependencies = (
			);
			name = Soluna;
			productName = Soluna;
			productReference = 463BA3E82619571F008BB17B /* Soluna.app */;
			productType = "com.apple.product-type.application";
		};
		463BA3F826195720008BB17B /* SolunaTests */ = {
			isa = PBXNativeTarget;
			buildConfigurationList = 463BA41026195720008BB17B /* Build configuration list for PBXNativeTarget "SolunaTests" */;
			buildPhases = (
				463BA3F526195720008BB17B /* Sources */,
				463BA3F626195720008BB17B /* Frameworks */,
				463BA3F726195720008BB17B /* Resources */,
			);
			buildRules = (
			);
			dependencies = (
				463BA3FB26195720008BB17B /* PBXTargetDependency */,
			);
			name = SolunaTests;
			productName = SolunaTests;
			productReference = 463BA3F926195720008BB17B /* SolunaTests.xctest */;
			productType = "com.apple.product-type.bundle.unit-test";
		};
		463BA40326195720008BB17B /* SolunaUITests */ = {
			isa = PBXNativeTarget;
			buildConfigurationList = 463BA41326195720008BB17B /* Build configuration list for PBXNativeTarget "SolunaUITests" */;
			buildPhases = (
				463BA40026195720008BB17B /* Sources */,
				463BA40126195720008BB17B /* Frameworks */,
				463BA40226195720008BB17B /* Resources */,
			);
			buildRules = (
			);
			dependencies = (
				463BA40626195720008BB17B /* PBXTargetDependency */,
			);
			name = SolunaUITests;
			productName = SolunaUITests;
			productReference = 463BA40426195720008BB17B /* SolunaUITests.xctest */;
			productType = "com.apple.product-type.bundle.ui-testing";
		};
/* End PBXNativeTarget section */

/* Begin PBXProject section */
		463BA3E02619571F008BB17B /* Project object */ = {
			isa = PBXProject;
			attributes = {
				LastSwiftUpdateCheck = 1240;
				LastUpgradeCheck = 1240;
				TargetAttributes = {
					463BA3E72619571F008BB17B = {
						CreatedOnToolsVersion = 12.4;
					};
					463BA3F826195720008BB17B = {
						CreatedOnToolsVersion = 12.4;
						TestTargetID = 463BA3E72619571F008BB17B;
					};
					463BA40326195720008BB17B = {
						CreatedOnToolsVersion = 12.4;
						TestTargetID = 463BA3E72619571F008BB17B;
					};
				};
			};
			buildConfigurationList = 463BA3E32619571F008BB17B /* Build configuration list for PBXProject "Soluna" */;
			compatibilityVersion = "Xcode 9.3";
			developmentRegion = en;
			hasScannedForEncodings = 0;
			knownRegions = (
				en,
				Base,
			);
			mainGroup = 463BA3DF2619571F008BB17B;
			productRefGroup = 463BA3E92619571F008BB17B /* Products */;
			projectDirPath = "";
			projectRoot = "";
			targets = (
				463BA3E72619571F008BB17B /* Soluna */,
				463BA3F826195720008BB17B /* SolunaTests */,
				463BA40326195720008BB17B /* SolunaUITests */,
			);
		};
/* End PBXProject section */

/* Begin PBXResourcesBuildPhase section */
		463BA3E62619571F008BB17B /* Resources */ = {
			isa = PBXResourcesBuildPhase;
			buildActionMask = 2147483647;
			files = (
				4680CABE266C630B009F41FA /* LaunchScreen.storyboard in Resources */,
				4610039D263A50A90008DB27 /* TimeZoneProvider.kt in Resources */,
				4610039B263A50A90008DB27 /* AstronomicalDataRepository.kt in Resources */,
				461003A6263A50A90008DB27 /* Database.kt in Resources */,
				461003A3263A50A90008DB27 /* AddLocationViewModel.kt in Resources */,
				461003A2263A50A90008DB27 /* ReminderListViewModel.kt in Resources */,
				4610039A263A50A90008DB27 /* ReminderRepository.kt in Resources */,
				463BA3F326195720008BB17B /* Preview Assets.xcassets in Resources */,
				46100399263A50A90008DB27 /* UpcomingTimesRepository.kt in Resources */,
				461003A4263A50A90008DB27 /* LocationDetailViewModel.kt in Resources */,
				46100390263A50A90008DB27 /* platformModule.kt in Resources */,
				4610039F263A50A90008DB27 /* HomeViewModel.kt in Resources */,
				4610039C263A50A90008DB27 /* SupervisorScope.kt in Resources */,
				461003A1263A50A90008DB27 /* LocationListViewModel.kt in Resources */,
				461003A5263A50A90008DB27 /* ReminderParameters.kt in Resources */,
				46100393263A50A90008DB27 /* NativeViewModel.kt in Resources */,
				4610039E263A50A90008DB27 /* KoinModules.kt in Resources */,
				46100396263A50A90008DB27 /* CurrentTimeRepository.kt in Resources */,
				463BA3F026195720008BB17B /* Assets.xcassets in Resources */,
				46100394263A50A90008DB27 /* CoroutineAdapters.kt in Resources */,
				46100392263A50A90008DB27 /* SwiftKotlinBridge.kt in Resources */,
				461003A7263A50A90008DB27 /* GoogleApiClient.kt in Resources */,
				46100395263A50A90008DB27 /* GeocodeRepository.kt in Resources */,
				46100391263A50A90008DB27 /* IosDeviceLocationService.kt in Resources */,
				46100398263A50A90008DB27 /* DeviceLocationService.kt in Resources */,
				461003A0263A50A90008DB27 /* BaseViewModel.kt in Resources */,
				46100397263A50A90008DB27 /* LocationRepository.kt in Resources */,
			);
			runOnlyForDeploymentPostprocessing = 0;
		};
		463BA3F726195720008BB17B /* Resources */ = {
			isa = PBXResourcesBuildPhase;
			buildActionMask = 2147483647;
			files = (
			);
			runOnlyForDeploymentPostprocessing = 0;
		};
		463BA40226195720008BB17B /* Resources */ = {
			isa = PBXResourcesBuildPhase;
			buildActionMask = 2147483647;
			files = (
			);
			runOnlyForDeploymentPostprocessing = 0;
		};
/* End PBXResourcesBuildPhase section */

/* Begin PBXShellScriptBuildPhase section */
		469AF5B526195861005D00C8 /* ShellScript */ = {
			isa = PBXShellScriptBuildPhase;
			buildActionMask = 2147483647;
			files = (
			);
			inputFileListPaths = (
			);
			inputPaths = (
			);
			outputFileListPaths = (
			);
			outputPaths = (
			);
			runOnlyForDeploymentPostprocessing = 0;
			shellPath = /bin/sh;
			shellScript = "cd \"$SRCROOT/../..\"\n./gradlew :soluna-mobile:shared:packForXcode -PXCODE_CONFIGURATION=${CONFIGURATION}\n";
		};
/* End PBXShellScriptBuildPhase section */

/* Begin PBXSourcesBuildPhase section */
		463BA3E42619571F008BB17B /* Sources */ = {
			isa = PBXSourcesBuildPhase;
			buildActionMask = 2147483647;
			files = (
				46E7100B262254B3004DC8FE /* DateTimeExtensions.swift in Sources */,
				46B25E4D26D331F700CE9D27 /* SettingsView.swift in Sources */,
				46A0DE67271937EF00EC4638 /* BackNavigationTrigger.swift in Sources */,
				466A48A026A3C09C00B345B8 /* ArcText.swift in Sources */,
				464E3F24268EC6EF00BB2251 /* SunMoonTimesGraphic.swift in Sources */,
				46C75A04261FF8CF009FFEB5 /* ObservableAddLocationViewModel.swift in Sources */,
				463ADD1326655CB10056C6AA /* ReminderListView.swift in Sources */,
				46C7091F266C5C2B00F4D5DF /* SceneDelegate.swift in Sources */,
				469AF5CF261A8F3F005D00C8 /* CombineAdapters.swift in Sources */,
				467F906A261E9EEE0029454A /* ObservableViewModel.swift in Sources */,
				467F9072261E9F9D0029454A /* LocationListView.swift in Sources */,
				467F9076261E9FE60029454A /* AddLocationView.swift in Sources */,
				46B25E4726D331E800CE9D27 /* ObservableSettingsViewModel.swift in Sources */,
				467F906E261E9F4D0029454A /* HomeView.swift in Sources */,
				46E7101C26229F77004DC8FE /* ObservableLocationDetailViewModel.swift in Sources */,
				46C63434266DA7B700D3647E /* ReminderNotificationScheduler.swift in Sources */,
				463ADD0F26655CA30056C6AA /* ObservableReminderListViewModel.swift in Sources */,
				46C6343C266DAAD700D3647E /* NotificationManager.swift in Sources */,
				4680CAC4266C69BA009F41FA /* ContentView.swift in Sources */,
				46E710222622A09C004DC8FE /* LocationDetailView.swift in Sources */,
				46C75A00261FF8A6009FFEB5 /* ObservableLocationListViewModel.swift in Sources */,
				464E3F292690C80400BB2251 /* SolunaTheme.swift in Sources */,
				46C63438266DA9A800D3647E /* BackgroundNotificationsScheduler.swift in Sources */,
				46A032782713906600403037 /* NavigationTrigger.swift in Sources */,
				46C759FA261FF379009FFEB5 /* ObservableHomeViewModel.swift in Sources */,
			);
			runOnlyForDeploymentPostprocessing = 0;
		};
		463BA3F526195720008BB17B /* Sources */ = {
			isa = PBXSourcesBuildPhase;
			buildActionMask = 2147483647;
			files = (
				463BA3FE26195720008BB17B /* SolunaTests.swift in Sources */,
			);
			runOnlyForDeploymentPostprocessing = 0;
		};
		463BA40026195720008BB17B /* Sources */ = {
			isa = PBXSourcesBuildPhase;
			buildActionMask = 2147483647;
			files = (
				463BA40926195720008BB17B /* SolunaUITests.swift in Sources */,
			);
			runOnlyForDeploymentPostprocessing = 0;
		};
/* End PBXSourcesBuildPhase section */

/* Begin PBXTargetDependency section */
		463BA3FB26195720008BB17B /* PBXTargetDependency */ = {
			isa = PBXTargetDependency;
			target = 463BA3E72619571F008BB17B /* Soluna */;
			targetProxy = 463BA3FA26195720008BB17B /* PBXContainerItemProxy */;
		};
		463BA40626195720008BB17B /* PBXTargetDependency */ = {
			isa = PBXTargetDependency;
			target = 463BA3E72619571F008BB17B /* Soluna */;
			targetProxy = 463BA40526195720008BB17B /* PBXContainerItemProxy */;
		};
/* End PBXTargetDependency section */

/* Begin XCBuildConfiguration section */
		463BA40B26195720008BB17B /* Debug */ = {
			isa = XCBuildConfiguration;
			buildSettings = {
				ALWAYS_SEARCH_USER_PATHS = NO;
				CLANG_ANALYZER_NONNULL = YES;
				CLANG_ANALYZER_NUMBER_OBJECT_CONVERSION = YES_AGGRESSIVE;
				CLANG_CXX_LANGUAGE_STANDARD = "gnu++14";
				CLANG_CXX_LIBRARY = "libc++";
				CLANG_ENABLE_MODULES = YES;
				CLANG_ENABLE_OBJC_ARC = YES;
				CLANG_ENABLE_OBJC_WEAK = YES;
				CLANG_WARN_BLOCK_CAPTURE_AUTORELEASING = YES;
				CLANG_WARN_BOOL_CONVERSION = YES;
				CLANG_WARN_COMMA = YES;
				CLANG_WARN_CONSTANT_CONVERSION = YES;
				CLANG_WARN_DEPRECATED_OBJC_IMPLEMENTATIONS = YES;
				CLANG_WARN_DIRECT_OBJC_ISA_USAGE = YES_ERROR;
				CLANG_WARN_DOCUMENTATION_COMMENTS = YES;
				CLANG_WARN_EMPTY_BODY = YES;
				CLANG_WARN_ENUM_CONVERSION = YES;
				CLANG_WARN_INFINITE_RECURSION = YES;
				CLANG_WARN_INT_CONVERSION = YES;
				CLANG_WARN_NON_LITERAL_NULL_CONVERSION = YES;
				CLANG_WARN_OBJC_IMPLICIT_RETAIN_SELF = YES;
				CLANG_WARN_OBJC_LITERAL_CONVERSION = YES;
				CLANG_WARN_OBJC_ROOT_CLASS = YES_ERROR;
				CLANG_WARN_QUOTED_INCLUDE_IN_FRAMEWORK_HEADER = YES;
				CLANG_WARN_RANGE_LOOP_ANALYSIS = YES;
				CLANG_WARN_STRICT_PROTOTYPES = YES;
				CLANG_WARN_SUSPICIOUS_MOVE = YES;
				CLANG_WARN_UNGUARDED_AVAILABILITY = YES_AGGRESSIVE;
				CLANG_WARN_UNREACHABLE_CODE = YES;
				CLANG_WARN__DUPLICATE_METHOD_MATCH = YES;
				COPY_PHASE_STRIP = NO;
				DEBUG_INFORMATION_FORMAT = dwarf;
				ENABLE_STRICT_OBJC_MSGSEND = YES;
				ENABLE_TESTABILITY = YES;
				GCC_C_LANGUAGE_STANDARD = gnu11;
				GCC_DYNAMIC_NO_PIC = NO;
				GCC_NO_COMMON_BLOCKS = YES;
				GCC_OPTIMIZATION_LEVEL = 0;
				GCC_PREPROCESSOR_DEFINITIONS = (
					"DEBUG=1",
					"$(inherited)",
				);
				GCC_WARN_64_TO_32_BIT_CONVERSION = YES;
				GCC_WARN_ABOUT_RETURN_TYPE = YES_ERROR;
				GCC_WARN_UNDECLARED_SELECTOR = YES;
				GCC_WARN_UNINITIALIZED_AUTOS = YES_AGGRESSIVE;
				GCC_WARN_UNUSED_FUNCTION = YES;
				GCC_WARN_UNUSED_VARIABLE = YES;
				IPHONEOS_DEPLOYMENT_TARGET = 14.4;
				MTL_ENABLE_DEBUG_INFO = INCLUDE_SOURCE;
				MTL_FAST_MATH = YES;
				ONLY_ACTIVE_ARCH = YES;
				SDKROOT = iphoneos;
				SWIFT_ACTIVE_COMPILATION_CONDITIONS = DEBUG;
				SWIFT_OPTIMIZATION_LEVEL = "-Onone";
			};
			name = Debug;
		};
		463BA40C26195720008BB17B /* Release */ = {
			isa = XCBuildConfiguration;
			buildSettings = {
				ALWAYS_SEARCH_USER_PATHS = NO;
				CLANG_ANALYZER_NONNULL = YES;
				CLANG_ANALYZER_NUMBER_OBJECT_CONVERSION = YES_AGGRESSIVE;
				CLANG_CXX_LANGUAGE_STANDARD = "gnu++14";
				CLANG_CXX_LIBRARY = "libc++";
				CLANG_ENABLE_MODULES = YES;
				CLANG_ENABLE_OBJC_ARC = YES;
				CLANG_ENABLE_OBJC_WEAK = YES;
				CLANG_WARN_BLOCK_CAPTURE_AUTORELEASING = YES;
				CLANG_WARN_BOOL_CONVERSION = YES;
				CLANG_WARN_COMMA = YES;
				CLANG_WARN_CONSTANT_CONVERSION = YES;
				CLANG_WARN_DEPRECATED_OBJC_IMPLEMENTATIONS = YES;
				CLANG_WARN_DIRECT_OBJC_ISA_USAGE = YES_ERROR;
				CLANG_WARN_DOCUMENTATION_COMMENTS = YES;
				CLANG_WARN_EMPTY_BODY = YES;
				CLANG_WARN_ENUM_CONVERSION = YES;
				CLANG_WARN_INFINITE_RECURSION = YES;
				CLANG_WARN_INT_CONVERSION = YES;
				CLANG_WARN_NON_LITERAL_NULL_CONVERSION = YES;
				CLANG_WARN_OBJC_IMPLICIT_RETAIN_SELF = YES;
				CLANG_WARN_OBJC_LITERAL_CONVERSION = YES;
				CLANG_WARN_OBJC_ROOT_CLASS = YES_ERROR;
				CLANG_WARN_QUOTED_INCLUDE_IN_FRAMEWORK_HEADER = YES;
				CLANG_WARN_RANGE_LOOP_ANALYSIS = YES;
				CLANG_WARN_STRICT_PROTOTYPES = YES;
				CLANG_WARN_SUSPICIOUS_MOVE = YES;
				CLANG_WARN_UNGUARDED_AVAILABILITY = YES_AGGRESSIVE;
				CLANG_WARN_UNREACHABLE_CODE = YES;
				CLANG_WARN__DUPLICATE_METHOD_MATCH = YES;
				COPY_PHASE_STRIP = NO;
				DEBUG_INFORMATION_FORMAT = "dwarf-with-dsym";
				ENABLE_NS_ASSERTIONS = NO;
				ENABLE_STRICT_OBJC_MSGSEND = YES;
				GCC_C_LANGUAGE_STANDARD = gnu11;
				GCC_NO_COMMON_BLOCKS = YES;
				GCC_WARN_64_TO_32_BIT_CONVERSION = YES;
				GCC_WARN_ABOUT_RETURN_TYPE = YES_ERROR;
				GCC_WARN_UNDECLARED_SELECTOR = YES;
				GCC_WARN_UNINITIALIZED_AUTOS = YES_AGGRESSIVE;
				GCC_WARN_UNUSED_FUNCTION = YES;
				GCC_WARN_UNUSED_VARIABLE = YES;
				IPHONEOS_DEPLOYMENT_TARGET = 14.4;
				MTL_ENABLE_DEBUG_INFO = NO;
				MTL_FAST_MATH = YES;
				SDKROOT = iphoneos;
				SWIFT_COMPILATION_MODE = wholemodule;
				SWIFT_OPTIMIZATION_LEVEL = "-O";
				VALIDATE_PRODUCT = YES;
			};
			name = Release;
		};
		463BA40E26195720008BB17B /* Debug */ = {
			isa = XCBuildConfiguration;
			buildSettings = {
				ASSETCATALOG_COMPILER_APPICON_NAME = AppIcon;
				ASSETCATALOG_COMPILER_GLOBAL_ACCENT_COLOR_NAME = AccentColor;
				CODE_SIGN_STYLE = Automatic;
				DEVELOPMENT_ASSET_PATHS = "\"Soluna/Preview Content\"";
				DEVELOPMENT_TEAM = QDQ7CWKQQ6;
				ENABLE_PREVIEWS = YES;
				FRAMEWORK_SEARCH_PATHS = "$(SRCROOT)/../shared/build/xcode-frameworks";
				INFOPLIST_FILE = Soluna/Info.plist;
				IPHONEOS_DEPLOYMENT_TARGET = 14.0;
				LD_RUNPATH_SEARCH_PATHS = (
					"$(inherited)",
					"@executable_path/Frameworks",
				);
				PRODUCT_BUNDLE_IDENTIFIER = com.russhwolf.Soluna;
				PRODUCT_NAME = "$(TARGET_NAME)";
				SWIFT_VERSION = 5.0;
				TARGETED_DEVICE_FAMILY = "1,2";
			};
			name = Debug;
		};
		463BA40F26195720008BB17B /* Release */ = {
			isa = XCBuildConfiguration;
			buildSettings = {
				ASSETCATALOG_COMPILER_APPICON_NAME = AppIcon;
				ASSETCATALOG_COMPILER_GLOBAL_ACCENT_COLOR_NAME = AccentColor;
				CODE_SIGN_STYLE = Automatic;
				DEVELOPMENT_ASSET_PATHS = "\"Soluna/Preview Content\"";
				DEVELOPMENT_TEAM = QDQ7CWKQQ6;
				ENABLE_PREVIEWS = YES;
				FRAMEWORK_SEARCH_PATHS = "$(SRCROOT)/../shared/build/xcode-frameworks";
				INFOPLIST_FILE = Soluna/Info.plist;
				IPHONEOS_DEPLOYMENT_TARGET = 14.0;
				LD_RUNPATH_SEARCH_PATHS = (
					"$(inherited)",
					"@executable_path/Frameworks",
				);
				PRODUCT_BUNDLE_IDENTIFIER = com.russhwolf.Soluna;
				PRODUCT_NAME = "$(TARGET_NAME)";
				SWIFT_VERSION = 5.0;
				TARGETED_DEVICE_FAMILY = "1,2";
			};
			name = Release;
		};
		463BA41126195720008BB17B /* Debug */ = {
			isa = XCBuildConfiguration;
			buildSettings = {
				ALWAYS_EMBED_SWIFT_STANDARD_LIBRARIES = YES;
				BUNDLE_LOADER = "$(TEST_HOST)";
				CODE_SIGN_STYLE = Automatic;
				DEVELOPMENT_TEAM = QDQ7CWKQQ6;
				INFOPLIST_FILE = SolunaTests/Info.plist;
				IPHONEOS_DEPLOYMENT_TARGET = 14.0;
				LD_RUNPATH_SEARCH_PATHS = (
					"$(inherited)",
					"@executable_path/Frameworks",
					"@loader_path/Frameworks",
				);
				PRODUCT_BUNDLE_IDENTIFIER = com.russhwolf.SolunaTests;
				PRODUCT_NAME = "$(TARGET_NAME)";
				SWIFT_VERSION = 5.0;
				TARGETED_DEVICE_FAMILY = "1,2";
				TEST_HOST = "$(BUILT_PRODUCTS_DIR)/Soluna.app/Soluna";
			};
			name = Debug;
		};
		463BA41226195720008BB17B /* Release */ = {
			isa = XCBuildConfiguration;
			buildSettings = {
				ALWAYS_EMBED_SWIFT_STANDARD_LIBRARIES = YES;
				BUNDLE_LOADER = "$(TEST_HOST)";
				CODE_SIGN_STYLE = Automatic;
				DEVELOPMENT_TEAM = QDQ7CWKQQ6;
				INFOPLIST_FILE = SolunaTests/Info.plist;
				IPHONEOS_DEPLOYMENT_TARGET = 14.0;
				LD_RUNPATH_SEARCH_PATHS = (
					"$(inherited)",
					"@executable_path/Frameworks",
					"@loader_path/Frameworks",
				);
				PRODUCT_BUNDLE_IDENTIFIER = com.russhwolf.SolunaTests;
				PRODUCT_NAME = "$(TARGET_NAME)";
				SWIFT_VERSION = 5.0;
				TARGETED_DEVICE_FAMILY = "1,2";
				TEST_HOST = "$(BUILT_PRODUCTS_DIR)/Soluna.app/Soluna";
			};
			name = Release;
		};
		463BA41426195720008BB17B /* Debug */ = {
			isa = XCBuildConfiguration;
			buildSettings = {
				ALWAYS_EMBED_SWIFT_STANDARD_LIBRARIES = YES;
				CODE_SIGN_STYLE = Automatic;
				DEVELOPMENT_TEAM = QDQ7CWKQQ6;
				INFOPLIST_FILE = SolunaUITests/Info.plist;
				LD_RUNPATH_SEARCH_PATHS = (
					"$(inherited)",
					"@executable_path/Frameworks",
					"@loader_path/Frameworks",
				);
				PRODUCT_BUNDLE_IDENTIFIER = com.russhwolf.SolunaUITests;
				PRODUCT_NAME = "$(TARGET_NAME)";
				SWIFT_VERSION = 5.0;
				TARGETED_DEVICE_FAMILY = "1,2";
				TEST_TARGET_NAME = Soluna;
			};
			name = Debug;
		};
		463BA41526195720008BB17B /* Release */ = {
			isa = XCBuildConfiguration;
			buildSettings = {
				ALWAYS_EMBED_SWIFT_STANDARD_LIBRARIES = YES;
				CODE_SIGN_STYLE = Automatic;
				DEVELOPMENT_TEAM = QDQ7CWKQQ6;
				INFOPLIST_FILE = SolunaUITests/Info.plist;
				LD_RUNPATH_SEARCH_PATHS = (
					"$(inherited)",
					"@executable_path/Frameworks",
					"@loader_path/Frameworks",
				);
				PRODUCT_BUNDLE_IDENTIFIER = com.russhwolf.SolunaUITests;
				PRODUCT_NAME = "$(TARGET_NAME)";
				SWIFT_VERSION = 5.0;
				TARGETED_DEVICE_FAMILY = "1,2";
				TEST_TARGET_NAME = Soluna;
			};
			name = Release;
		};
/* End XCBuildConfiguration section */

/* Begin XCConfigurationList section */
		463BA3E32619571F008BB17B /* Build configuration list for PBXProject "Soluna" */ = {
			isa = XCConfigurationList;
			buildConfigurations = (
				463BA40B26195720008BB17B /* Debug */,
				463BA40C26195720008BB17B /* Release */,
			);
			defaultConfigurationIsVisible = 0;
			defaultConfigurationName = Release;
		};
		463BA40D26195720008BB17B /* Build configuration list for PBXNativeTarget "Soluna" */ = {
			isa = XCConfigurationList;
			buildConfigurations = (
				463BA40E26195720008BB17B /* Debug */,
				463BA40F26195720008BB17B /* Release */,
			);
			defaultConfigurationIsVisible = 0;
			defaultConfigurationName = Release;
		};
		463BA41026195720008BB17B /* Build configuration list for PBXNativeTarget "SolunaTests" */ = {
			isa = XCConfigurationList;
			buildConfigurations = (
				463BA41126195720008BB17B /* Debug */,
				463BA41226195720008BB17B /* Release */,
			);
			defaultConfigurationIsVisible = 0;
			defaultConfigurationName = Release;
		};
		463BA41326195720008BB17B /* Build configuration list for PBXNativeTarget "SolunaUITests" */ = {
			isa = XCConfigurationList;
			buildConfigurations = (
				463BA41426195720008BB17B /* Debug */,
				463BA41526195720008BB17B /* Release */,
			);
			defaultConfigurationIsVisible = 0;
			defaultConfigurationName = Release;
		};
/* End XCConfigurationList section */
	};
	rootObject = 463BA3E02619571F008BB17B /* Project object */;
}
